Microsoft Visual Studio Solution File, Format Version 12.00
# Visual Studio Version 17
VisualStudioVersion = 17.9.34723.18
MinimumVisualStudioVersion = 10.0.40219.1
Project("{8BC9CEB8-8B4A-11D0-8D11-00A0C91BC942}") = "Engine", "Engine\Engine.vcxproj", "{91FE118B-BD6D-4773-A884-F7790A358AC6}"
EndProject
Project("{8BC9CEB8-8B4A-11D0-8D11-00A0C91BC942}") = "EngineTest", "EngineTest\EngineTest.vcxproj", "{39A9FBB5-6198-4F36-A174-90D4717D58BA}"
EndProject
Project("{8BC9CEB8-8B4A-11D0-8D11-00A0C91BC942}") = "EngineDLL", "EngineDLL\EngineDLL.vcxproj", "{D2F1D39B-4CB8-4193-A79D-4D7BF97F9162}"
EndProject
Project("{FAE04EC0-301F-11D3-BF4B-00C04F79EFBC}") = "EegorEditor", "EegorEditor\EegorEditor.csproj", "{AC558FEF-460A-496F-9698-99FEF5F84487}"
EndProject
Global
	GlobalSection(SolutionConfigurationPlatforms) = preSolution
		Debug|x64 = Debug|x64
		Release|x64 = Release|x64
	EndGlobalSection
	GlobalSection(ProjectConfigurationPlatforms) = postSolution
		{91FE118B-BD6D-4773-A884-F7790A358AC6}.Debug|x64.ActiveCfg = Debug|x64
		{91FE118B-BD6D-4773-A884-F7790A358AC6}.Debug|x64.Build.0 = Debug|x64
		{91FE118B-BD6D-4773-A884-F7790A358AC6}.Release|x64.ActiveCfg = Release|x64
		{91FE118B-BD6D-4773-A884-F7790A358AC6}.Release|x64.Build.0 = Release|x64
		{39A9FBB5-6198-4F36-A174-90D4717D58BA}.Debug|x64.ActiveCfg = Debug|x64
		{39A9FBB5-6198-4F36-A174-90D4717D58BA}.Debug|x64.Build.0 = Debug|x64
		{39A9FBB5-6198-4F36-A174-90D4717D58BA}.Release|x64.ActiveCfg = Release|x64
		{39A9FBB5-6198-4F36-A174-90D4717D58BA}.Release|x64.Build.0 = Release|x64
		{D2F1D39B-4CB8-4193-A79D-4D7BF97F9162}.Debug|x64.ActiveCfg = Debug|x64
		{D2F1D39B-4CB8-4193-A79D-4D7BF97F9162}.Debug|x64.Build.0 = Debug|x64
		{D2F1D39B-4CB8-4193-A79D-4D7BF97F9162}.Release|x64.ActiveCfg = Release|x64
		{D2F1D39B-4CB8-4193-A79D-4D7BF97F9162}.Release|x64.Build.0 = Release|x64
		{AC558FEF-460A-496F-9698-99FEF5F84487}.Debug|x64.ActiveCfg = Debug|Any CPU
		{AC558FEF-460A-496F-9698-99FEF5F84487}.Debug|x64.Build.0 = Debug|Any CPU
		{AC558FEF-460A-496F-9698-99FEF5F84487}.Release|x64.ActiveCfg = Release|Any CPU
		{AC558FEF-460A-496F-9698-99FEF5F84487}.Release|x64.Build.0 = Release|Any CPU
	EndGlobalSection
	GlobalSection(SolutionProperties) = preSolution
		HideSolutionNode = FALSE
	EndGlobalSection
	GlobalSection(ExtensibilityGlobals) = postSolution
		SolutionGuid = {BFD8F8F8-4D30-4EDA-988A-7C23E1673B9F}
	EndGlobalSection
EndGlobal
