
Microsoft Visual Studio Solution File, Format Version 12.00
# Visual Studio Version 17
VisualStudioVersion = 17.9.34723.18
MinimumVisualStudioVersion = 10.0.40219.1
Project("{FAE04EC0-301F-11D3-BF4B-00C04F79EFBC}") = "EegorEditor", "EegorEditor\EegorEditor.csproj", "{88152A6D-D82E-4B58-8292-F16BDC9342BE}"
EndProject
Project("{8BC9CEB8-8B4A-11D0-8D11-00A0C91BC942}") = "Engine", "Engine\Engine.vcxproj", "{91FE118B-BD6D-4773-A884-F7790A358AC6}"
EndProject
Global
	GlobalSection(SolutionConfigurationPlatforms) = preSolution
		Debug|Any CPU = Debug|Any CPU
		Debug|x64 = Debug|x64
		Debug|x86 = Debug|x86
		Release|Any CPU = Release|Any CPU
		Release|x64 = Release|x64
		Release|x86 = Release|x86
	EndGlobalSection
	GlobalSection(ProjectConfigurationPlatforms) = postSolution
		{91FE118B-BD6D-4773-A884-F7790A358AC6}.Debug|Any CPU.ActiveCfg = Debug|x64
		{91FE118B-BD6D-4773-A884-F7790A358AC6}.Debug|Any CPU.Build.0 = Debug|x64
		{91FE118B-BD6D-4773-A884-F7790A358AC6}.Debug|x64.ActiveCfg = Debug|x64
		{91FE118B-BD6D-4773-A884-F7790A358AC6}.Debug|x64.Build.0 = Debug|x64
		{91FE118B-BD6D-4773-A884-F7790A358AC6}.Debug|x86.ActiveCfg = Debug|x64
		{91FE118B-BD6D-4773-A884-F7790A358AC6}.Release|Any CPU.ActiveCfg = Release|x64
		{91FE118B-BD6D-4773-A884-F7790A358AC6}.Release|Any CPU.Build.0 = Release|x64
		{91FE118B-BD6D-4773-A884-F7790A358AC6}.Release|x64.ActiveCfg = Release|x64
		{91FE118B-BD6D-4773-A884-F7790A358AC6}.Release|x64.Build.0 = Release|x64
		{91FE118B-BD6D-4773-A884-F7790A358AC6}.Release|x86.ActiveCfg = Release|x64
		{88152A6D-D82E-4B58-8292-F16BDC9342BE}.Debug|Any CPU.ActiveCfg = Debug|Any CPU
		{88152A6D-D82E-4B58-8292-F16BDC9342BE}.Debug|Any CPU.Build.0 = Debug|Any CPU
		{88152A6D-D82E-4B58-8292-F16BDC9342BE}.Debug|x64.ActiveCfg = Debug|Any CPU
		{88152A6D-D82E-4B58-8292-F16BDC9342BE}.Debug|x64.Build.0 = Debug|Any CPU
		{88152A6D-D82E-4B58-8292-F16BDC9342BE}.Debug|x86.ActiveCfg = Debug|Any CPU
		{88152A6D-D82E-4B58-8292-F16BDC9342BE}.Debug|x86.Build.0 = Debug|Any CPU
		{88152A6D-D82E-4B58-8292-F16BDC9342BE}.Release|Any CPU.ActiveCfg = Release|Any CPU
		{88152A6D-D82E-4B58-8292-F16BDC9342BE}.Release|Any CPU.Build.0 = Release|Any CPU
		{88152A6D-D82E-4B58-8292-F16BDC9342BE}.Release|x64.ActiveCfg = Release|Any CPU
		{88152A6D-D82E-4B58-8292-F16BDC9342BE}.Release|x64.Build.0 = Release|Any CPU
		{88152A6D-D82E-4B58-8292-F16BDC9342BE}.Release|x86.ActiveCfg = Release|Any CPU
		{88152A6D-D82E-4B58-8292-F16BDC9342BE}.Release|x86.Build.0 = Release|Any CPU
	EndGlobalSection
	GlobalSection(SolutionProperties) = preSolution
		HideSolutionNode = FALSE
	EndGlobalSection
	GlobalSection(ExtensibilityGlobals) = postSolution
		SolutionGuid = {BFD8F8F8-4D30-4EDA-988A-7C23E1673B9F}
	EndGlobalSection
EndGlobal
